// !$*UTF8*$!
{
	archiveVersion = 1;
	classes = {
	};
	objectVersion = 46;
	objects = {

/* Begin PBXBuildFile section */
		8D8B81941B84D1A2002313D7 /* main.m in Sources */ = {isa = PBXBuildFile; fileRef = 8D8B81931B84D1A2002313D7 /* main.m */; };
		8D8B81971B84D1A2002313D7 /* AppDelegate.m in Sources */ = {isa = PBXBuildFile; fileRef = 8D8B81961B84D1A2002313D7 /* AppDelegate.m */; };
		8D8B819A1B84D1A2002313D7 /* ViewController.m in Sources */ = {isa = PBXBuildFile; fileRef = 8D8B81991B84D1A2002313D7 /* ViewController.m */; };
		8D8B819D1B84D1A2002313D7 /* Main.storyboard in Resources */ = {isa = PBXBuildFile; fileRef = 8D8B819B1B84D1A2002313D7 /* Main.storyboard */; };
		8D8B819F1B84D1A2002313D7 /* Images.xcassets in Resources */ = {isa = PBXBuildFile; fileRef = 8D8B819E1B84D1A2002313D7 /* Images.xcassets */; };
		8D8B81A21B84D1A2002313D7 /* LaunchScreen.xib in Resources */ = {isa = PBXBuildFile; fileRef = 8D8B81A01B84D1A2002313D7 /* LaunchScreen.xib */; };
		8D8B81AE1B84D1A2002313D7 /* FMCalendarTests.m in Sources */ = {isa = PBXBuildFile; fileRef = 8D8B81AD1B84D1A2002313D7 /* FMCalendarTests.m */; };
		8D8B81B91B84D1E8002313D7 /* FMCalendarView.m in Sources */ = {isa = PBXBuildFile; fileRef = 8D8B81B81B84D1E8002313D7 /* FMCalendarView.m */; };
/* End PBXBuildFile section */

/* Begin PBXContainerItemProxy section */
		8D8B81A81B84D1A2002313D7 /* PBXContainerItemProxy */ = {
			isa = PBXContainerItemProxy;
			containerPortal = 8D8B81861B84D1A2002313D7 /* Project object */;
			proxyType = 1;
			remoteGlobalIDString = 8D8B818D1B84D1A2002313D7;
			remoteInfo = FMCalendar;
		};
/* End PBXContainerItemProxy section */

/* Begin PBXFileReference section */
		8D8B818E1B84D1A2002313D7 /* FMCalendar.app */ = {isa = PBXFileReference; explicitFileType = wrapper.application; includeInIndex = 0; path = FMCalendar.app; sourceTree = BUILT_PRODUCTS_DIR; };
		8D8B81921B84D1A2002313D7 /* Info.plist */ = {isa = PBXFileReference; lastKnownFileType = text.plist.xml; path = Info.plist; sourceTree = "<group>"; };
		8D8B81931B84D1A2002313D7 /* main.m */ = {isa = PBXFileReference; lastKnownFileType = sourcecode.c.objc; path = main.m; sourceTree = "<group>"; };
		8D8B81951B84D1A2002313D7 /* AppDelegate.h */ = {isa = PBXFileReference; lastKnownFileType = sourcecode.c.h; path = AppDelegate.h; sourceTree = "<group>"; };
		8D8B81961B84D1A2002313D7 /* AppDelegate.m */ = {isa = PBXFileReference; lastKnownFileType = sourcecode.c.objc; path = AppDelegate.m; sourceTree = "<group>"; };
		8D8B81981B84D1A2002313D7 /* ViewController.h */ = {isa = PBXFileReference; lastKnownFileType = sourcecode.c.h; path = ViewController.h; sourceTree = "<group>"; };
		8D8B81991B84D1A2002313D7 /* ViewController.m */ = {isa = PBXFileReference; lastKnownFileType = sourcecode.c.objc; path = ViewController.m; sourceTree = "<group>"; };
		8D8B819C1B84D1A2002313D7 /* Base */ = {isa = PBXFileReference; lastKnownFileType = file.storyboard; name = Base; path = Base.lproj/Main.storyboard; sourceTree = "<group>"; };
		8D8B819E1B84D1A2002313D7 /* Images.xcassets */ = {isa = PBXFileReference; lastKnownFileType = folder.assetcatalog; path = Images.xcassets; sourceTree = "<group>"; };
		8D8B81A11B84D1A2002313D7 /* Base */ = {isa = PBXFileReference; lastKnownFileType = file.xib; name = Base; path = Base.lproj/LaunchScreen.xib; sourceTree = "<group>"; };
		8D8B81A71B84D1A2002313D7 /* FMCalendarTests.xctest */ = {isa = PBXFileReference; explicitFileType = wrapper.cfbundle; includeInIndex = 0; path = FMCalendarTests.xctest; sourceTree = BUILT_PRODUCTS_DIR; };
		8D8B81AC1B84D1A2002313D7 /* Info.plist */ = {isa = PBXFileReference; lastKnownFileType = text.plist.xml; path = Info.plist; sourceTree = "<group>"; };
		8D8B81AD1B84D1A2002313D7 /* FMCalendarTests.m */ = {isa = PBXFileReference; lastKnownFileType = sourcecode.c.objc; path = FMCalendarTests.m; sourceTree = "<group>"; };
		8D8B81B71B84D1E8002313D7 /* FMCalendarView.h */ = {isa = PBXFileReference; fileEncoding = 4; lastKnownFileType = sourcecode.c.h; path = FMCalendarView.h; sourceTree = "<group>"; };
		8D8B81B81B84D1E8002313D7 /* FMCalendarView.m */ = {isa = PBXFileReference; fileEncoding = 4; lastKnownFileType = sourcecode.c.objc; path = FMCalendarView.m; sourceTree = "<group>"; };
/* End PBXFileReference section */

/* Begin PBXFrameworksBuildPhase section */
		8D8B818B1B84D1A2002313D7 /* Frameworks */ = {
			isa = PBXFrameworksBuildPhase;
			buildActionMask = 2147483647;
			files = (
			);
			runOnlyForDeploymentPostprocessing = 0;
		};
		8D8B81A41B84D1A2002313D7 /* Frameworks */ = {
			isa = PBXFrameworksBuildPhase;
			buildActionMask = 2147483647;
			files = (
			);
			runOnlyForDeploymentPostprocessing = 0;
		};
/* End PBXFrameworksBuildPhase section */

/* Begin PBXGroup section */
		8D8B81851B84D1A2002313D7 = {
			isa = PBXGroup;
			children = (
				8D8B81901B84D1A2002313D7 /* FMCalendar */,
				8D8B81AA1B84D1A2002313D7 /* FMCalendarTests */,
				8D8B818F1B84D1A2002313D7 /* Products */,
			);
			sourceTree = "<group>";
		};
		8D8B818F1B84D1A2002313D7 /* Products */ = {
			isa = PBXGroup;
			children = (
				8D8B818E1B84D1A2002313D7 /* FMCalendar.app */,
				8D8B81A71B84D1A2002313D7 /* FMCalendarTests.xctest */,
			);
			name = Products;
			sourceTree = "<group>";
		};
		8D8B81901B84D1A2002313D7 /* FMCalendar */ = {
			isa = PBXGroup;
			children = (
				8D8B81951B84D1A2002313D7 /* AppDelegate.h */,
				8D8B81961B84D1A2002313D7 /* AppDelegate.m */,
				8D8B81981B84D1A2002313D7 /* ViewController.h */,
				8D8B81991B84D1A2002313D7 /* ViewController.m */,
				8D8B819B1B84D1A2002313D7 /* Main.storyboard */,
				8D8B819E1B84D1A2002313D7 /* Images.xcassets */,
				8D8B81A01B84D1A2002313D7 /* LaunchScreen.xib */,
				8D8B81911B84D1A2002313D7 /* Supporting Files */,
				8D8B81B71B84D1E8002313D7 /* FMCalendarView.h */,
				8D8B81B81B84D1E8002313D7 /* FMCalendarView.m */,
			);
			path = FMCalendar;
			sourceTree = "<group>";
		};
		8D8B81911B84D1A2002313D7 /* Supporting Files */ = {
			isa = PBXGroup;
			children = (
				8D8B81921B84D1A2002313D7 /* Info.plist */,
				8D8B81931B84D1A2002313D7 /* main.m */,
			);
			name = "Supporting Files";
			sourceTree = "<group>";
		};
		8D8B81AA1B84D1A2002313D7 /* FMCalendarTests */ = {
			isa = PBXGroup;
			children = (
				8D8B81AD1B84D1A2002313D7 /* FMCalendarTests.m */,
				8D8B81AB1B84D1A2002313D7 /* Supporting Files */,
			);
			path = FMCalendarTests;
			sourceTree = "<group>";
		};
		8D8B81AB1B84D1A2002313D7 /* Supporting Files */ = {
			isa = PBXGroup;
			children = (
				8D8B81AC1B84D1A2002313D7 /* Info.plist */,
			);
			name = "Supporting Files";
			sourceTree = "<group>";
		};
/* End PBXGroup section */

/* Begin PBXNativeTarget section */
		8D8B818D1B84D1A2002313D7 /* FMCalendar */ = {
			isa = PBXNativeTarget;
			buildConfigurationList = 8D8B81B11B84D1A2002313D7 /* Build configuration list for PBXNativeTarget "FMCalendar" */;
			buildPhases = (
				8D8B818A1B84D1A2002313D7 /* Sources */,
				8D8B818B1B84D1A2002313D7 /* Frameworks */,
				8D8B818C1B84D1A2002313D7 /* Resources */,
			);
			buildRules = (
			);
			dependencies = (
			);
			name = FMCalendar;
			productName = FMCalendar;
			productReference = 8D8B818E1B84D1A2002313D7 /* FMCalendar.app */;
			productType = "com.apple.product-type.application";
		};
		8D8B81A61B84D1A2002313D7 /* FMCalendarTests */ = {
			isa = PBXNativeTarget;
			buildConfigurationList = 8D8B81B41B84D1A2002313D7 /* Build configuration list for PBXNativeTarget "FMCalendarTests" */;
			buildPhases = (
				8D8B81A31B84D1A2002313D7 /* Sources */,
				8D8B81A41B84D1A2002313D7 /* Frameworks */,
				8D8B81A51B84D1A2002313D7 /* Resources */,
			);
			buildRules = (
			);
			dependencies = (
				8D8B81A91B84D1A2002313D7 /* PBXTargetDependency */,
			);
			name = FMCalendarTests;
			productName = FMCalendarTests;
			productReference = 8D8B81A71B84D1A2002313D7 /* FMCalendarTests.xctest */;
			productType = "com.apple.product-type.bundle.unit-test";
		};
/* End PBXNativeTarget section */

/* Begin PBXProject section */
		8D8B81861B84D1A2002313D7 /* Project object */ = {
			isa = PBXProject;
			attributes = {
				LastUpgradeCheck = 0640;
				ORGANIZATIONNAME = "范茂羽";
				TargetAttributes = {
					8D8B818D1B84D1A2002313D7 = {
						CreatedOnToolsVersion = 6.4;
					};
					8D8B81A61B84D1A2002313D7 = {
						CreatedOnToolsVersion = 6.4;
						TestTargetID = 8D8B818D1B84D1A2002313D7;
					};
				};
			};
			buildConfigurationList = 8D8B81891B84D1A2002313D7 /* Build configuration list for PBXProject "FMCalendar" */;
			compatibilityVersion = "Xcode 3.2";
			developmentRegion = English;
			hasScannedForEncodings = 0;
			knownRegions = (
				en,
				Base,
			);
			mainGroup = 8D8B81851B84D1A2002313D7;
			productRefGroup = 8D8B818F1B84D1A2002313D7 /* Products */;
			projectDirPath = "";
			projectRoot = "";
			targets = (
				8D8B818D1B84D1A2002313D7 /* FMCalendar */,
				8D8B81A61B84D1A2002313D7 /* FMCalendarTests */,
			);
		};
/* End PBXProject section */

/* Begin PBXResourcesBuildPhase section */
		8D8B818C1B84D1A2002313D7 /* Resources */ = {
			isa = PBXResourcesBuildPhase;
			buildActionMask = 2147483647;
			files = (
				8D8B819D1B84D1A2002313D7 /* Main.storyboard in Resources */,
				8D8B81A21B84D1A2002313D7 /* LaunchScreen.xib in Resources */,
				8D8B819F1B84D1A2002313D7 /* Images.xcassets in Resources */,
			);
			runOnlyForDeploymentPostprocessing = 0;
		};
		8D8B81A51B84D1A2002313D7 /* Resources */ = {
			isa = PBXResourcesBuildPhase;
			buildActionMask = 2147483647;
			files = (
			);
			runOnlyForDeploymentPostprocessing = 0;
		};
/* End PBXResourcesBuildPhase section */

/* Begin PBXSourcesBuildPhase section */
		8D8B818A1B84D1A2002313D7 /* Sources */ = {
			isa = PBXSourcesBuildPhase;
			buildActionMask = 2147483647;
			files = (
				8D8B819A1B84D1A2002313D7 /* ViewController.m in Sources */,
				8D8B81971B84D1A2002313D7 /* AppDelegate.m in Sources */,
				8D8B81941B84D1A2002313D7 /* main.m in Sources */,
				8D8B81B91B84D1E8002313D7 /* FMCalendarView.m in Sources */,
			);
			runOnlyForDeploymentPostprocessing = 0;
		};
		8D8B81A31B84D1A2002313D7 /* Sources */ = {
			isa = PBXSourcesBuildPhase;
			buildActionMask = 2147483647;
			files = (
				8D8B81AE1B84D1A2002313D7 /* FMCalendarTests.m in Sources */,
			);
			runOnlyForDeploymentPostprocessing = 0;
		};
/* End PBXSourcesBuildPhase section */

/* Begin PBXTargetDependency section */
		8D8B81A91B84D1A2002313D7 /* PBXTargetDependency */ = {
			isa = PBXTargetDependency;
			target = 8D8B818D1B84D1A2002313D7 /* FMCalendar */;
			targetProxy = 8D8B81A81B84D1A2002313D7 /* PBXContainerItemProxy */;
		};
/* End PBXTargetDependency section */

/* Begin PBXVariantGroup section */
		8D8B819B1B84D1A2002313D7 /* Main.storyboard */ = {
			isa = PBXVariantGroup;
			children = (
				8D8B819C1B84D1A2002313D7 /* Base */,
			);
			name = Main.storyboard;
			sourceTree = "<group>";
		};
		8D8B81A01B84D1A2002313D7 /* LaunchScreen.xib */ = {
			isa = PBXVariantGroup;
			children = (
				8D8B81A11B84D1A2002313D7 /* Base */,
			);
			name = LaunchScreen.xib;
			sourceTree = "<group>";
		};
/* End PBXVariantGroup section */

/* Begin XCBuildConfiguration section */
		8D8B81AF1B84D1A2002313D7 /* Debug */ = {
			isa = XCBuildConfiguration;
			buildSettings = {
				ALWAYS_SEARCH_USER_PATHS = NO;
				CLANG_CXX_LANGUAGE_STANDARD = "gnu++0x";
				CLANG_CXX_LIBRARY = "libc++";
				CLANG_ENABLE_MODULES = YES;
				CLANG_ENABLE_OBJC_ARC = YES;
				CLANG_WARN_BOOL_CONVERSION = YES;
				CLANG_WARN_CONSTANT_CONVERSION = YES;
				CLANG_WARN_DIRECT_OBJC_ISA_USAGE = YES_ERROR;
				CLANG_WARN_EMPTY_BODY = YES;
				CLANG_WARN_ENUM_CONVERSION = YES;
				CLANG_WARN_INT_CONVERSION = YES;
				CLANG_WARN_OBJC_ROOT_CLASS = YES_ERROR;
				CLANG_WARN_UNREACHABLE_CODE = YES;
				CLANG_WARN__DUPLICATE_METHOD_MATCH = YES;
				"CODE_SIGN_IDENTITY[sdk=iphoneos*]" = "iPhone Developer";
				COPY_PHASE_STRIP = NO;
				DEBUG_INFORMATION_FORMAT = "dwarf-with-dsym";
				ENABLE_STRICT_OBJC_MSGSEND = YES;
				GCC_C_LANGUAGE_STANDARD = gnu99;
				GCC_DYNAMIC_NO_PIC = NO;
				GCC_NO_COMMON_BLOCKS = YES;
				GCC_OPTIMIZATION_LEVEL = 0;
				GCC_PREPROCESSOR_DEFINITIONS = (
					"DEBUG=1",
					"$(inherited)",
				);
				GCC_SYMBOLS_PRIVATE_EXTERN = NO;
				GCC_WARN_64_TO_32_BIT_CONVERSION = YES;
				GCC_WARN_ABOUT_RETURN_TYPE = YES_ERROR;
				GCC_WARN_UNDECLARED_SELECTOR = YES;
				GCC_WARN_UNINITIALIZED_AUTOS = YES_AGGRESSIVE;
				GCC_WARN_UNUSED_FUNCTION = YES;
				GCC_WARN_UNUSED_VARIABLE = YES;
				IPHONEOS_DEPLOYMENT_TARGET = 8.4;
				MTL_ENABLE_DEBUG_INFO = YES;
				ONLY_ACTIVE_ARCH = YES;
				SDKROOT = iphoneos;
			};
			name = Debug;
		};
		8D8B81B01B84D1A2002313D7 /* Release */ = {
			isa = XCBuildConfiguration;
			buildSettings = {
				ALWAYS_SEARCH_USER_PATHS = NO;
				CLANG_CXX_LANGUAGE_STANDARD = "gnu++0x";
				CLANG_CXX_LIBRARY = "libc++";
				CLANG_ENABLE_MODULES = YES;
				CLANG_ENABLE_OBJC_ARC = YES;
				CLANG_WARN_BOOL_CONVERSION = YES;
				CLANG_WARN_CONSTANT_CONVERSION = YES;
				CLANG_WARN_DIRECT_OBJC_ISA_USAGE = YES_ERROR;
				CLANG_WARN_EMPTY_BODY = YES;
				CLANG_WARN_ENUM_CONVERSION = YES;
				CLANG_WARN_INT_CONVERSION = YES;
				CLANG_WARN_OBJC_ROOT_CLASS = YES_ERROR;
				CLANG_WARN_UNREACHABLE_CODE = YES;
				CLANG_WARN__DUPLICATE_METHOD_MATCH = YES;
				"CODE_SIGN_IDENTITY[sdk=iphoneos*]" = "iPhone Developer";
				COPY_PHASE_STRIP = NO;
				DEBUG_INFORMATION_FORMAT = "dwarf-with-dsym";
				ENABLE_NS_ASSERTIONS = NO;
				ENABLE_STRICT_OBJC_MSGSEND = YES;
				GCC_C_LANGUAGE_STANDARD = gnu99;
				GCC_NO_COMMON_BLOCKS = YES;
				GCC_WARN_64_TO_32_BIT_CONVERSION = YES;
				GCC_WARN_ABOUT_RETURN_TYPE = YES_ERROR;
				GCC_WARN_UNDECLARED_SELECTOR = YES;
				GCC_WARN_UNINITIALIZED_AUTOS = YES_AGGRESSIVE;
				GCC_WARN_UNUSED_FUNCTION = YES;
				GCC_WARN_UNUSED_VARIABLE = YES;
				IPHONEOS_DEPLOYMENT_TARGET = 8.4;
				MTL_ENABLE_DEBUG_INFO = NO;
				SDKROOT = iphoneos;
				VALIDATE_PRODUCT = YES;
			};
			name = Release;
		};
		8D8B81B21B84D1A2002313D7 /* Debug */ = {
			isa = XCBuildConfiguration;
			buildSettings = {
				ASSETCATALOG_COMPILER_APPICON_NAME = AppIcon;
				INFOPLIST_FILE = FMCalendar/Info.plist;
				IPHONEOS_DEPLOYMENT_TARGET = 7.0;
				LD_RUNPATH_SEARCH_PATHS = "$(inherited) @executable_path/Frameworks";
				PRODUCT_NAME = "$(TARGET_NAME)";
			};
			name = Debug;
		};
		8D8B81B31B84D1A2002313D7 /* Release */ = {
			isa = XCBuildConfiguration;
			buildSettings = {
				ASSETCATALOG_COMPILER_APPICON_NAME = AppIcon;
				INFOPLIST_FILE = FMCalendar/Info.plist;
				IPHONEOS_DEPLOYMENT_TARGET = 7.0;
				LD_RUNPATH_SEARCH_PATHS = "$(inherited) @executable_path/Frameworks";
				PRODUCT_NAME = "$(TARGET_NAME)";
			};
			name = Release;
		};
		8D8B81B51B84D1A2002313D7 /* Debug */ = {
			isa = XCBuildConfiguration;
			buildSettings = {
				BUNDLE_LOADER = "$(TEST_HOST)";
				FRAMEWORK_SEARCH_PATHS = (
					"$(SDKROOT)/Developer/Library/Frameworks",
					"$(inherited)",
				);
				GCC_PREPROCESSOR_DEFINITIONS = (
					"DEBUG=1",
					"$(inherited)",
				);
				INFOPLIST_FILE = FMCalendarTests/Info.plist;
				LD_RUNPATH_SEARCH_PATHS = "$(inherited) @executable_path/Frameworks @loader_path/Frameworks";
				PRODUCT_NAME = "$(TARGET_NAME)";
				TEST_HOST = "$(BUILT_PRODUCTS_DIR)/FMCalendar.app/FMCalendar";
			};
			name = Debug;
		};
		8D8B81B61B84D1A2002313D7 /* Release */ = {
			isa = XCBuildConfiguration;
			buildSettings = {
				BUNDLE_LOADER = "$(TEST_HOST)";
				FRAMEWORK_SEARCH_PATHS = (
					"$(SDKROOT)/Developer/Library/Frameworks",
					"$(inherited)",
				);
				INFOPLIST_FILE = FMCalendarTests/Info.plist;
				LD_RUNPATH_SEARCH_PATHS = "$(inherited) @executable_path/Frameworks @loader_path/Frameworks";
				PRODUCT_NAME = "$(TARGET_NAME)";
				TEST_HOST = "$(BUILT_PRODUCTS_DIR)/FMCalendar.app/FMCalendar";
			};
			name = Release;
		};
/* End XCBuildConfiguration section */

/* Begin XCConfigurationList section */
		8D8B81891B84D1A2002313D7 /* Build configuration list for PBXProject "FMCalendar" */ = {
			isa = XCConfigurationList;
			buildConfigurations = (
				8D8B81AF1B84D1A2002313D7 /* Debug */,
				8D8B81B01B84D1A2002313D7 /* Release */,
			);
			defaultConfigurationIsVisible = 0;
			defaultConfigurationName = Release;
		};
		8D8B81B11B84D1A2002313D7 /* Build configuration list for PBXNativeTarget "FMCalendar" */ = {
			isa = XCConfigurationList;
			buildConfigurations = (
				8D8B81B21B84D1A2002313D7 /* Debug */,
				8D8B81B31B84D1A2002313D7 /* Release */,
			);
			defaultConfigurationIsVisible = 0;
		};
		8D8B81B41B84D1A2002313D7 /* Build configuration list for PBXNativeTarget "FMCalendarTests" */ = {
			isa = XCConfigurationList;
			buildConfigurations = (
				8D8B81B51B84D1A2002313D7 /* Debug */,
				8D8B81B61B84D1A2002313D7 /* Release */,
			);
			defaultConfigurationIsVisible = 0;
		};
/* End XCConfigurationList section */
	};
	rootObject = 8D8B81861B84D1A2002313D7 /* Project object */;
}
